
Microsoft Visual Studio Solution File, Format Version 12.00
# Visual Studio Version 16
VisualStudioVersion = 16.0.31624.102
MinimumVisualStudioVersion = 10.0.40219.1
Project("{FAE04EC0-301F-11D3-BF4B-00C04F79EFBC}") = "Game", "Game.csproj", "{164B434E-FD4C-4885-BE1C-9AD19D0D6F2E}"
EndProject
Global
	GlobalSection(SolutionConfigurationPlatforms) = preSolution
		Debug|Any CPU = Debug|Any CPU
		Release|Any CPU = Release|Any CPU
	EndGlobalSection
	GlobalSection(ProjectConfigurationPlatforms) = postSolution
		{164B434E-FD4C-4885-BE1C-9AD19D0D6F2E}.Debug|Any CPU.ActiveCfg = Debug|Any CPU
		{164B434E-FD4C-4885-BE1C-9AD19D0D6F2E}.Debug|Any CPU.Build.0 = Debug|Any CPU
		{164B434E-FD4C-4885-BE1C-9AD19D0D6F2E}.Release|Any CPU.ActiveCfg = Release|Any CPU
		{164B434E-FD4C-4885-BE1C-9AD19D0D6F2E}.Release|Any CPU.Build.0 = Release|Any CPU
	EndGlobalSection
	GlobalSection(SolutionProperties) = preSolution
		HideSolutionNode = FALSE
	EndGlobalSection
	GlobalSection(ExtensibilityGlobals) = postSolution
		SolutionGuid = {26E2E38B-B8E8-4321-9104-8A6482A63287}
	EndGlobalSection
EndGlobal
